
Microsoft Visual Studio Solution File, Format Version 12.00
# Visual Studio Version 16
VisualStudioVersion = 16.0.28922.388
MinimumVisualStudioVersion = 10.0.40219.1
Project("{FAE04EC0-301F-11D3-BF4B-00C04F79EFBC}") = "Byndyusoft", "Byndyusoft\Byndyusoft.csproj", "{86821137-3735-4704-ABAD-EC3A3EB3DD20}"
EndProject
Project("{FAE04EC0-301F-11D3-BF4B-00C04F79EFBC}") = "ArrayElements", "ArrayElements\ArrayElements.csproj", "{694198F1-79ED-4CD8-A67A-0F0D02ED4DCC}"
EndProject
Project("{FAE04EC0-301F-11D3-BF4B-00C04F79EFBC}") = "UnitTest", "UnitTest\UnitTest.csproj", "{B8DDBBA9-9747-453B-AD9F-6ABD12E903B4}"
EndProject
Global
	GlobalSection(SolutionConfigurationPlatforms) = preSolution
		Debug|Any CPU = Debug|Any CPU
		Release|Any CPU = Release|Any CPU
	EndGlobalSection
	GlobalSection(ProjectConfigurationPlatforms) = postSolution
		{86821137-3735-4704-ABAD-EC3A3EB3DD20}.Debug|Any CPU.ActiveCfg = Debug|Any CPU
		{86821137-3735-4704-ABAD-EC3A3EB3DD20}.Debug|Any CPU.Build.0 = Debug|Any CPU
		{86821137-3735-4704-ABAD-EC3A3EB3DD20}.Release|Any CPU.ActiveCfg = Release|Any CPU
		{86821137-3735-4704-ABAD-EC3A3EB3DD20}.Release|Any CPU.Build.0 = Release|Any CPU
		{694198F1-79ED-4CD8-A67A-0F0D02ED4DCC}.Debug|Any CPU.ActiveCfg = Debug|Any CPU
		{694198F1-79ED-4CD8-A67A-0F0D02ED4DCC}.Debug|Any CPU.Build.0 = Debug|Any CPU
		{694198F1-79ED-4CD8-A67A-0F0D02ED4DCC}.Release|Any CPU.ActiveCfg = Release|Any CPU
		{694198F1-79ED-4CD8-A67A-0F0D02ED4DCC}.Release|Any CPU.Build.0 = Release|Any CPU
		{B8DDBBA9-9747-453B-AD9F-6ABD12E903B4}.Debug|Any CPU.ActiveCfg = Debug|Any CPU
		{B8DDBBA9-9747-453B-AD9F-6ABD12E903B4}.Debug|Any CPU.Build.0 = Debug|Any CPU
		{B8DDBBA9-9747-453B-AD9F-6ABD12E903B4}.Release|Any CPU.ActiveCfg = Release|Any CPU
		{B8DDBBA9-9747-453B-AD9F-6ABD12E903B4}.Release|Any CPU.Build.0 = Release|Any CPU
	EndGlobalSection
	GlobalSection(SolutionProperties) = preSolution
		HideSolutionNode = FALSE
	EndGlobalSection
	GlobalSection(ExtensibilityGlobals) = postSolution
		SolutionGuid = {F0AF52DE-2A23-4B40-A319-296C5497A1E8}
	EndGlobalSection
EndGlobal
